// !$*UTF8*$!
{
	archiveVersion = 1;
	classes = {
	};
	objectVersion = 50;
	objects = {

/* Begin PBXBuildFile section */
		8F10C6042500DF200003C278 /* AppDelegate.swift in Sources */ = {isa = PBXBuildFile; fileRef = 8F10C6032500DF200003C278 /* AppDelegate.swift */; };
		8F10C6062500DF200003C278 /* SceneDelegate.swift in Sources */ = {isa = PBXBuildFile; fileRef = 8F10C6052500DF200003C278 /* SceneDelegate.swift */; };
		8F10C6082500DF200003C278 /* ContactViewController.swift in Sources */ = {isa = PBXBuildFile; fileRef = 8F10C6072500DF200003C278 /* ContactViewController.swift */; };
		8F10C60B2500DF200003C278 /* Main.storyboard in Resources */ = {isa = PBXBuildFile; fileRef = 8F10C6092500DF200003C278 /* Main.storyboard */; };
		8F10C60E2500DF200003C278 /* Contacts.xcdatamodeld in Sources */ = {isa = PBXBuildFile; fileRef = 8F10C60C2500DF200003C278 /* Contacts.xcdatamodeld */; };
		8F10C6102500DF220003C278 /* Assets.xcassets in Resources */ = {isa = PBXBuildFile; fileRef = 8F10C60F2500DF220003C278 /* Assets.xcassets */; };
		8F10C6132500DF220003C278 /* LaunchScreen.storyboard in Resources */ = {isa = PBXBuildFile; fileRef = 8F10C6112500DF220003C278 /* LaunchScreen.storyboard */; };
		8F10C61B2500E8350003C278 /* ContactInfo.swift in Sources */ = {isa = PBXBuildFile; fileRef = 8F10C61A2500E8350003C278 /* ContactInfo.swift */; };
		8F10C61D2500E8C10003C278 /* Chandler.jpg in Resources */ = {isa = PBXBuildFile; fileRef = 8F10C61C2500E8C10003C278 /* Chandler.jpg */; };
		8F3F9F912503922B00404343 /* Monica.jpeg in Resources */ = {isa = PBXBuildFile; fileRef = 8F3F9F902503922B00404343 /* Monica.jpeg */; };
		8F3F9F932503923500404343 /* Ross.jpg in Resources */ = {isa = PBXBuildFile; fileRef = 8F3F9F922503923500404343 /* Ross.jpg */; };
		8F3F9F952503923B00404343 /* Rachel.jpg in Resources */ = {isa = PBXBuildFile; fileRef = 8F3F9F942503923B00404343 /* Rachel.jpg */; };
		8F3F9F972503924600404343 /* Joey.jpeg in Resources */ = {isa = PBXBuildFile; fileRef = 8F3F9F962503924600404343 /* Joey.jpeg */; };
		8F3F9F992503925900404343 /* Phoebe.jpg in Resources */ = {isa = PBXBuildFile; fileRef = 8F3F9F982503925900404343 /* Phoebe.jpg */; };
		8F3F9F9B25039DD100404343 /* default.png in Resources */ = {isa = PBXBuildFile; fileRef = 8F3F9F9A25039DD100404343 /* default.png */; };
		8FD88FCB25025CD200E493F3 /* Contact.swift in Sources */ = {isa = PBXBuildFile; fileRef = 8FD88FCA25025CD200E493F3 /* Contact.swift */; };
/* End PBXBuildFile section */

/* Begin PBXFileReference section */
		8F10C6002500DF200003C278 /* Contacts.app */ = {isa = PBXFileReference; explicitFileType = wrapper.application; includeInIndex = 0; path = Contacts.app; sourceTree = BUILT_PRODUCTS_DIR; };
		8F10C6032500DF200003C278 /* AppDelegate.swift */ = {isa = PBXFileReference; lastKnownFileType = sourcecode.swift; path = AppDelegate.swift; sourceTree = "<group>"; };
		8F10C6052500DF200003C278 /* SceneDelegate.swift */ = {isa = PBXFileReference; lastKnownFileType = sourcecode.swift; path = SceneDelegate.swift; sourceTree = "<group>"; };
		8F10C6072500DF200003C278 /* ContactViewController.swift */ = {isa = PBXFileReference; lastKnownFileType = sourcecode.swift; path = ContactViewController.swift; sourceTree = "<group>"; };
		8F10C60A2500DF200003C278 /* Base */ = {isa = PBXFileReference; lastKnownFileType = file.storyboard; name = Base; path = Base.lproj/Main.storyboard; sourceTree = "<group>"; };
		8F10C60D2500DF200003C278 /* Contacts.xcdatamodel */ = {isa = PBXFileReference; lastKnownFileType = wrapper.xcdatamodel; path = Contacts.xcdatamodel; sourceTree = "<group>"; };
		8F10C60F2500DF220003C278 /* Assets.xcassets */ = {isa = PBXFileReference; lastKnownFileType = folder.assetcatalog; path = Assets.xcassets; sourceTree = "<group>"; };
		8F10C6122500DF220003C278 /* Base */ = {isa = PBXFileReference; lastKnownFileType = file.storyboard; name = Base; path = Base.lproj/LaunchScreen.storyboard; sourceTree = "<group>"; };
		8F10C6142500DF220003C278 /* Info.plist */ = {isa = PBXFileReference; lastKnownFileType = text.plist.xml; path = Info.plist; sourceTree = "<group>"; };
		8F10C61A2500E8350003C278 /* ContactInfo.swift */ = {isa = PBXFileReference; lastKnownFileType = sourcecode.swift; path = ContactInfo.swift; sourceTree = "<group>"; };
		8F10C61C2500E8C10003C278 /* Chandler.jpg */ = {isa = PBXFileReference; lastKnownFileType = image.jpeg; name = Chandler.jpg; path = ../../../Downloads/Chandler.jpg; sourceTree = "<group>"; };
		8F3F9F902503922B00404343 /* Monica.jpeg */ = {isa = PBXFileReference; lastKnownFileType = image.jpeg; name = Monica.jpeg; path = ../../../Downloads/Monica.jpeg; sourceTree = "<group>"; };
		8F3F9F922503923500404343 /* Ross.jpg */ = {isa = PBXFileReference; lastKnownFileType = image.jpeg; name = Ross.jpg; path = ../../../Downloads/Ross.jpg; sourceTree = "<group>"; };
		8F3F9F942503923B00404343 /* Rachel.jpg */ = {isa = PBXFileReference; lastKnownFileType = image.jpeg; name = Rachel.jpg; path = ../../../Downloads/Rachel.jpg; sourceTree = "<group>"; };
		8F3F9F962503924600404343 /* Joey.jpeg */ = {isa = PBXFileReference; lastKnownFileType = image.jpeg; name = Joey.jpeg; path = ../../../Downloads/Joey.jpeg; sourceTree = "<group>"; };
		8F3F9F982503925900404343 /* Phoebe.jpg */ = {isa = PBXFileReference; lastKnownFileType = image.jpeg; name = Phoebe.jpg; path = ../../../Downloads/Phoebe.jpg; sourceTree = "<group>"; };
		8F3F9F9A25039DD100404343 /* default.png */ = {isa = PBXFileReference; lastKnownFileType = image.png; name = default.png; path = ../../../Downloads/default.png; sourceTree = "<group>"; };
		8FD88FCA25025CD200E493F3 /* Contact.swift */ = {isa = PBXFileReference; lastKnownFileType = sourcecode.swift; path = Contact.swift; sourceTree = "<group>"; };
/* End PBXFileReference section */

/* Begin PBXFrameworksBuildPhase section */
		8F10C5FD2500DF200003C278 /* Frameworks */ = {
			isa = PBXFrameworksBuildPhase;
			buildActionMask = 2147483647;
			files = (
			);
			runOnlyForDeploymentPostprocessing = 0;
		};
/* End PBXFrameworksBuildPhase section */

/* Begin PBXGroup section */
		8F10C5F72500DF200003C278 = {
			isa = PBXGroup;
			children = (
				8F10C6022500DF200003C278 /* Contacts */,
				8F10C6012500DF200003C278 /* Products */,
			);
			sourceTree = "<group>";
		};
		8F10C6012500DF200003C278 /* Products */ = {
			isa = PBXGroup;
			children = (
				8F10C6002500DF200003C278 /* Contacts.app */,
			);
			name = Products;
			sourceTree = "<group>";
		};
		8F10C6022500DF200003C278 /* Contacts */ = {
			isa = PBXGroup;
			children = (
				8F10C6032500DF200003C278 /* AppDelegate.swift */,
				8F10C6052500DF200003C278 /* SceneDelegate.swift */,
				8F10C6072500DF200003C278 /* ContactViewController.swift */,
				8FD88FCA25025CD200E493F3 /* Contact.swift */,
				8F10C6092500DF200003C278 /* Main.storyboard */,
				8F10C61A2500E8350003C278 /* ContactInfo.swift */,
				8F10C60F2500DF220003C278 /* Assets.xcassets */,
				8F10C61C2500E8C10003C278 /* Chandler.jpg */,
				8F3F9F902503922B00404343 /* Monica.jpeg */,
				8F3F9F922503923500404343 /* Ross.jpg */,
				8F3F9F942503923B00404343 /* Rachel.jpg */,
				8F3F9F962503924600404343 /* Joey.jpeg */,
				8F3F9F982503925900404343 /* Phoebe.jpg */,
				8F3F9F9A25039DD100404343 /* default.png */,
				8F10C6112500DF220003C278 /* LaunchScreen.storyboard */,
				8F10C6142500DF220003C278 /* Info.plist */,
				8F10C60C2500DF200003C278 /* Contacts.xcdatamodeld */,
			);
			path = Contacts;
			sourceTree = "<group>";
		};
/* End PBXGroup section */

/* Begin PBXNativeTarget section */
		8F10C5FF2500DF200003C278 /* Contacts */ = {
			isa = PBXNativeTarget;
			buildConfigurationList = 8F10C6172500DF220003C278 /* Build configuration list for PBXNativeTarget "Contacts" */;
			buildPhases = (
				8F10C5FC2500DF200003C278 /* Sources */,
				8F10C5FD2500DF200003C278 /* Frameworks */,
				8F10C5FE2500DF200003C278 /* Resources */,
			);
			buildRules = (
			);
			dependencies = (
			);
			name = Contacts;
			productName = Contacts;
			productReference = 8F10C6002500DF200003C278 /* Contacts.app */;
			productType = "com.apple.product-type.application";
		};
/* End PBXNativeTarget section */

/* Begin PBXProject section */
		8F10C5F82500DF200003C278 /* Project object */ = {
			isa = PBXProject;
			attributes = {
				LastSwiftUpdateCheck = 1160;
				LastUpgradeCheck = 1160;
				ORGANIZATIONNAME = "Akhil Jain";
				TargetAttributes = {
					8F10C5FF2500DF200003C278 = {
						CreatedOnToolsVersion = 11.6;
					};
				};
			};
			buildConfigurationList = 8F10C5FB2500DF200003C278 /* Build configuration list for PBXProject "Contacts" */;
			compatibilityVersion = "Xcode 9.3";
			developmentRegion = en;
			hasScannedForEncodings = 0;
			knownRegions = (
				en,
				Base,
			);
			mainGroup = 8F10C5F72500DF200003C278;
			productRefGroup = 8F10C6012500DF200003C278 /* Products */;
			projectDirPath = "";
			projectRoot = "";
			targets = (
				8F10C5FF2500DF200003C278 /* Contacts */,
			);
		};
/* End PBXProject section */

/* Begin PBXResourcesBuildPhase section */
		8F10C5FE2500DF200003C278 /* Resources */ = {
			isa = PBXResourcesBuildPhase;
			buildActionMask = 2147483647;
			files = (
				8F10C6132500DF220003C278 /* LaunchScreen.storyboard in Resources */,
				8F10C61D2500E8C10003C278 /* Chandler.jpg in Resources */,
				8F3F9F932503923500404343 /* Ross.jpg in Resources */,
				8F3F9F952503923B00404343 /* Rachel.jpg in Resources */,
				8F3F9F972503924600404343 /* Joey.jpeg in Resources */,
				8F3F9F912503922B00404343 /* Monica.jpeg in Resources */,
				8F10C6102500DF220003C278 /* Assets.xcassets in Resources */,
				8F3F9F992503925900404343 /* Phoebe.jpg in Resources */,
				8F10C60B2500DF200003C278 /* Main.storyboard in Resources */,
				8F3F9F9B25039DD100404343 /* default.png in Resources */,
			);
			runOnlyForDeploymentPostprocessing = 0;
		};
/* End PBXResourcesBuildPhase section */

/* Begin PBXSourcesBuildPhase section */
		8F10C5FC2500DF200003C278 /* Sources */ = {
			isa = PBXSourcesBuildPhase;
			buildActionMask = 2147483647;
			files = (
				8FD88FCB25025CD200E493F3 /* Contact.swift in Sources */,
				8F10C60E2500DF200003C278 /* Contacts.xcdatamodeld in Sources */,
				8F10C61B2500E8350003C278 /* ContactInfo.swift in Sources */,
				8F10C6082500DF200003C278 /* ContactViewController.swift in Sources */,
				8F10C6042500DF200003C278 /* AppDelegate.swift in Sources */,
				8F10C6062500DF200003C278 /* SceneDelegate.swift in Sources */,
			);
			runOnlyForDeploymentPostprocessing = 0;
		};
/* End PBXSourcesBuildPhase section */

/* Begin PBXVariantGroup section */
		8F10C6092500DF200003C278 /* Main.storyboard */ = {
			isa = PBXVariantGroup;
			children = (
				8F10C60A2500DF200003C278 /* Base */,
			);
			name = Main.storyboard;
			sourceTree = "<group>";
		};
		8F10C6112500DF220003C278 /* LaunchScreen.storyboard */ = {
			isa = PBXVariantGroup;
			children = (
				8F10C6122500DF220003C278 /* Base */,
			);
			name = LaunchScreen.storyboard;
			sourceTree = "<group>";
		};
/* End PBXVariantGroup section */

/* Begin XCBuildConfiguration section */
		8F10C6152500DF220003C278 /* Debug */ = {
			isa = XCBuildConfiguration;
			buildSettings = {
				ALWAYS_SEARCH_USER_PATHS = NO;
				CLANG_ANALYZER_NONNULL = YES;
				CLANG_ANALYZER_NUMBER_OBJECT_CONVERSION = YES_AGGRESSIVE;
				CLANG_CXX_LANGUAGE_STANDARD = "gnu++14";
				CLANG_CXX_LIBRARY = "libc++";
				CLANG_ENABLE_MODULES = YES;
				CLANG_ENABLE_OBJC_ARC = YES;
				CLANG_ENABLE_OBJC_WEAK = YES;
				CLANG_WARN_BLOCK_CAPTURE_AUTORELEASING = YES;
				CLANG_WARN_BOOL_CONVERSION = YES;
				CLANG_WARN_COMMA = YES;
				CLANG_WARN_CONSTANT_CONVERSION = YES;
				CLANG_WARN_DEPRECATED_OBJC_IMPLEMENTATIONS = YES;
				CLANG_WARN_DIRECT_OBJC_ISA_USAGE = YES_ERROR;
				CLANG_WARN_DOCUMENTATION_COMMENTS = YES;
				CLANG_WARN_EMPTY_BODY = YES;
				CLANG_WARN_ENUM_CONVERSION = YES;
				CLANG_WARN_INFINITE_RECURSION = YES;
				CLANG_WARN_INT_CONVERSION = YES;
				CLANG_WARN_NON_LITERAL_NULL_CONVERSION = YES;
				CLANG_WARN_OBJC_IMPLICIT_RETAIN_SELF = YES;
				CLANG_WARN_OBJC_LITERAL_CONVERSION = YES;
				CLANG_WARN_OBJC_ROOT_CLASS = YES_ERROR;
				CLANG_WARN_RANGE_LOOP_ANALYSIS = YES;
				CLANG_WARN_STRICT_PROTOTYPES = YES;
				CLANG_WARN_SUSPICIOUS_MOVE = YES;
				CLANG_WARN_UNGUARDED_AVAILABILITY = YES_AGGRESSIVE;
				CLANG_WARN_UNREACHABLE_CODE = YES;
				CLANG_WARN__DUPLICATE_METHOD_MATCH = YES;
				COPY_PHASE_STRIP = NO;
				DEBUG_INFORMATION_FORMAT = dwarf;
				ENABLE_STRICT_OBJC_MSGSEND = YES;
				ENABLE_TESTABILITY = YES;
				GCC_C_LANGUAGE_STANDARD = gnu11;
				GCC_DYNAMIC_NO_PIC = NO;
				GCC_NO_COMMON_BLOCKS = YES;
				GCC_OPTIMIZATION_LEVEL = 0;
				GCC_PREPROCESSOR_DEFINITIONS = (
					"DEBUG=1",
					"$(inherited)",
				);
				GCC_WARN_64_TO_32_BIT_CONVERSION = YES;
				GCC_WARN_ABOUT_RETURN_TYPE = YES_ERROR;
				GCC_WARN_UNDECLARED_SELECTOR = YES;
				GCC_WARN_UNINITIALIZED_AUTOS = YES_AGGRESSIVE;
				GCC_WARN_UNUSED_FUNCTION = YES;
				GCC_WARN_UNUSED_VARIABLE = YES;
				IPHONEOS_DEPLOYMENT_TARGET = 13.6;
				MTL_ENABLE_DEBUG_INFO = INCLUDE_SOURCE;
				MTL_FAST_MATH = YES;
				ONLY_ACTIVE_ARCH = YES;
				SDKROOT = iphoneos;
				SWIFT_ACTIVE_COMPILATION_CONDITIONS = DEBUG;
				SWIFT_OPTIMIZATION_LEVEL = "-Onone";
			};
			name = Debug;
		};
		8F10C6162500DF220003C278 /* Release */ = {
			isa = XCBuildConfiguration;
			buildSettings = {
				ALWAYS_SEARCH_USER_PATHS = NO;
				CLANG_ANALYZER_NONNULL = YES;
				CLANG_ANALYZER_NUMBER_OBJECT_CONVERSION = YES_AGGRESSIVE;
				CLANG_CXX_LANGUAGE_STANDARD = "gnu++14";
				CLANG_CXX_LIBRARY = "libc++";
				CLANG_ENABLE_MODULES = YES;
				CLANG_ENABLE_OBJC_ARC = YES;
				CLANG_ENABLE_OBJC_WEAK = YES;
				CLANG_WARN_BLOCK_CAPTURE_AUTORELEASING = YES;
				CLANG_WARN_BOOL_CONVERSION = YES;
				CLANG_WARN_COMMA = YES;
				CLANG_WARN_CONSTANT_CONVERSION = YES;
				CLANG_WARN_DEPRECATED_OBJC_IMPLEMENTATIONS = YES;
				CLANG_WARN_DIRECT_OBJC_ISA_USAGE = YES_ERROR;
				CLANG_WARN_DOCUMENTATION_COMMENTS = YES;
				CLANG_WARN_EMPTY_BODY = YES;
				CLANG_WARN_ENUM_CONVERSION = YES;
				CLANG_WARN_INFINITE_RECURSION = YES;
				CLANG_WARN_INT_CONVERSION = YES;
				CLANG_WARN_NON_LITERAL_NULL_CONVERSION = YES;
				CLANG_WARN_OBJC_IMPLICIT_RETAIN_SELF = YES;
				CLANG_WARN_OBJC_LITERAL_CONVERSION = YES;
				CLANG_WARN_OBJC_ROOT_CLASS = YES_ERROR;
				CLANG_WARN_RANGE_LOOP_ANALYSIS = YES;
				CLANG_WARN_STRICT_PROTOTYPES = YES;
				CLANG_WARN_SUSPICIOUS_MOVE = YES;
				CLANG_WARN_UNGUARDED_AVAILABILITY = YES_AGGRESSIVE;
				CLANG_WARN_UNREACHABLE_CODE = YES;
				CLANG_WARN__DUPLICATE_METHOD_MATCH = YES;
				COPY_PHASE_STRIP = NO;
				DEBUG_INFORMATION_FORMAT = "dwarf-with-dsym";
				ENABLE_NS_ASSERTIONS = NO;
				ENABLE_STRICT_OBJC_MSGSEND = YES;
				GCC_C_LANGUAGE_STANDARD = gnu11;
				GCC_NO_COMMON_BLOCKS = YES;
				GCC_WARN_64_TO_32_BIT_CONVERSION = YES;
				GCC_WARN_ABOUT_RETURN_TYPE = YES_ERROR;
				GCC_WARN_UNDECLARED_SELECTOR = YES;
				GCC_WARN_UNINITIALIZED_AUTOS = YES_AGGRESSIVE;
				GCC_WARN_UNUSED_FUNCTION = YES;
				GCC_WARN_UNUSED_VARIABLE = YES;
				IPHONEOS_DEPLOYMENT_TARGET = 13.6;
				MTL_ENABLE_DEBUG_INFO = NO;
				MTL_FAST_MATH = YES;
				SDKROOT = iphoneos;
				SWIFT_COMPILATION_MODE = wholemodule;
				SWIFT_OPTIMIZATION_LEVEL = "-O";
				VALIDATE_PRODUCT = YES;
			};
			name = Release;
		};
		8F10C6182500DF220003C278 /* Debug */ = {
			isa = XCBuildConfiguration;
			buildSettings = {
				ASSETCATALOG_COMPILER_APPICON_NAME = AppIcon;
				CODE_SIGN_STYLE = Automatic;
				INFOPLIST_FILE = Contacts/Info.plist;
				LD_RUNPATH_SEARCH_PATHS = (
					"$(inherited)",
					"@executable_path/Frameworks",
				);
				PRODUCT_BUNDLE_IDENTIFIER = MMT8618.Contacts;
				PRODUCT_NAME = "$(TARGET_NAME)";
				SWIFT_VERSION = 5.0;
				TARGETED_DEVICE_FAMILY = "1,2";
			};
			name = Debug;
		};
		8F10C6192500DF220003C278 /* Release */ = {
			isa = XCBuildConfiguration;
			buildSettings = {
				ASSETCATALOG_COMPILER_APPICON_NAME = AppIcon;
				CODE_SIGN_STYLE = Automatic;
				INFOPLIST_FILE = Contacts/Info.plist;
				LD_RUNPATH_SEARCH_PATHS = (
					"$(inherited)",
					"@executable_path/Frameworks",
				);
				PRODUCT_BUNDLE_IDENTIFIER = MMT8618.Contacts;
				PRODUCT_NAME = "$(TARGET_NAME)";
				SWIFT_VERSION = 5.0;
				TARGETED_DEVICE_FAMILY = "1,2";
			};
			name = Release;
		};
/* End XCBuildConfiguration section */

/* Begin XCConfigurationList section */
		8F10C5FB2500DF200003C278 /* Build configuration list for PBXProject "Contacts" */ = {
			isa = XCConfigurationList;
			buildConfigurations = (
				8F10C6152500DF220003C278 /* Debug */,
				8F10C6162500DF220003C278 /* Release */,
			);
			defaultConfigurationIsVisible = 0;
			defaultConfigurationName = Release;
		};
		8F10C6172500DF220003C278 /* Build configuration list for PBXNativeTarget "Contacts" */ = {
			isa = XCConfigurationList;
			buildConfigurations = (
				8F10C6182500DF220003C278 /* Debug */,
				8F10C6192500DF220003C278 /* Release */,
			);
			defaultConfigurationIsVisible = 0;
			defaultConfigurationName = Release;
		};
/* End XCConfigurationList section */

/* Begin XCVersionGroup section */
		8F10C60C2500DF200003C278 /* Contacts.xcdatamodeld */ = {
			isa = XCVersionGroup;
			children = (
				8F10C60D2500DF200003C278 /* Contacts.xcdatamodel */,
			);
			currentVersion = 8F10C60D2500DF200003C278 /* Contacts.xcdatamodel */;
			path = Contacts.xcdatamodeld;
			sourceTree = "<group>";
			versionGroupType = wrapper.xcdatamodel;
		};
/* End XCVersionGroup section */
	};
	rootObject = 8F10C5F82500DF200003C278 /* Project object */;
}
